
Microsoft Visual Studio Solution File, Format Version 12.00
Project("{FAE04EC0-301F-11D3-BF4B-00C04F79EFBC}") = "Prometheus.Client.DependencyInjection", "src\Prometheus.Client.DependencyInjection\Prometheus.Client.DependencyInjection.csproj", "{F783AB15-0407-4E82-A698-73B5614C155F}"
EndProject
Project("{2150E333-8FDC-42A3-9474-1A3956D46DE8}") = "src", "src", "{A819E2C3-731C-4E08-98DA-3DE12BBFAEED}"
EndProject
Project("{2150E333-8FDC-42A3-9474-1A3956D46DE8}") = "root", "root", "{87A204EB-94EA-4061-A26E-0E47DA11A0DB}"
ProjectSection(SolutionItems) = preProject
	Directory.Build.props = Directory.Build.props
	LICENSE = LICENSE
	README.md = README.md
	stylecop.json = stylecop.json
	.ruleset = .ruleset
	.gitignore = .gitignore
	.gitattributes = .gitattributes
	.editorconfig = .editorconfig
EndProjectSection
EndProject
Project("{2150E333-8FDC-42A3-9474-1A3956D46DE8}") = ".github", ".github", "{4BA7C546-8CAF-41AE-872B-09BC2B9064F9}"
ProjectSection(SolutionItems) = preProject
	.github\CODEOWNERS = .github\CODEOWNERS
	.github\FUNDING.yml = .github\FUNDING.yml
	.github\renovate.json = .github\renovate.json
EndProjectSection
EndProject
Project("{2150E333-8FDC-42A3-9474-1A3956D46DE8}") = "workflows", "workflows", "{9180D57F-B3A8-4005-B756-41E0AEBE87C7}"
ProjectSection(SolutionItems) = preProject
	.github\workflows\branch.yml = .github\workflows\branch.yml
	.github\workflows\master.yml = .github\workflows\master.yml
	.github\workflows\production.yml = .github\workflows\production.yml
EndProjectSection
EndProject
Global
	GlobalSection(SolutionConfigurationPlatforms) = preSolution
		Debug|Any CPU = Debug|Any CPU
		Release|Any CPU = Release|Any CPU
	EndGlobalSection
	GlobalSection(ProjectConfigurationPlatforms) = postSolution
		{F783AB15-0407-4E82-A698-73B5614C155F}.Debug|Any CPU.ActiveCfg = Debug|Any CPU
		{F783AB15-0407-4E82-A698-73B5614C155F}.Debug|Any CPU.Build.0 = Debug|Any CPU
		{F783AB15-0407-4E82-A698-73B5614C155F}.Release|Any CPU.ActiveCfg = Release|Any CPU
		{F783AB15-0407-4E82-A698-73B5614C155F}.Release|Any CPU.Build.0 = Release|Any CPU
	EndGlobalSection
	GlobalSection(NestedProjects) = preSolution
		{F783AB15-0407-4E82-A698-73B5614C155F} = {A819E2C3-731C-4E08-98DA-3DE12BBFAEED}
		{4BA7C546-8CAF-41AE-872B-09BC2B9064F9} = {87A204EB-94EA-4061-A26E-0E47DA11A0DB}
		{9180D57F-B3A8-4005-B756-41E0AEBE87C7} = {4BA7C546-8CAF-41AE-872B-09BC2B9064F9}
	EndGlobalSection
EndGlobal
